{
  "name": "polar-anki-export",
  "version": "0.0.0",
  "lockfileVersion": 2,
  "requires": true,
  "packages": {
    "": {
      "name": "polar-anki-export",
      "version": "0.0.0",
      "license": "ISC",
      "dependencies": {
        "archiver": "5.3.0",
        "better-sqlite3": "7.4.5",
        "rimraf": "2.6.2",
        "sha1": "1.1.1"
      },
      "devDependencies": {
        "@types/better-sqlite3": "7.4.2",
        "@types/rimraf": "3.0.2",
        "@types/sha1": "^1.1.3"
      }
    },
    "../../node_modules/.pnpm/@types+better-sqlite3@7.4.2/node_modules/@types/better-sqlite3": {
      "version": "7.4.2",
      "dev": true,
      "license": "MIT",
      "dependencies": {
        "@types/node": "*"
      }
    },
    "../../node_modules/.pnpm/@types+rimraf@3.0.2/node_modules/@types/rimraf": {
      "version": "3.0.2",
      "dev": true,
      "license": "MIT",
      "dependencies": {
        "@types/glob": "*",
        "@types/node": "*"
      }
    },
    "../../node_modules/.pnpm/archiver@5.3.0/node_modules/archiver": {
      "version": "5.3.0",
      "license": "MIT",
      "dependencies": {
        "archiver-utils": "^2.1.0",
        "async": "^3.2.0",
        "buffer-crc32": "^0.2.1",
        "readable-stream": "^3.6.0",
        "readdir-glob": "^1.0.0",
        "tar-stream": "^2.2.0",
        "zip-stream": "^4.1.0"
      },
      "devDependencies": {
        "archiver-jsdoc-theme": "^1.1.3",
        "chai": "^4.2.0",
        "jsdoc": "^3.6.4",
        "mkdirp": "^1.0.4",
        "mocha": "^8.0.1",
        "rimraf": "^3.0.2",
        "stream-bench": "^0.1.2",
        "tar": "^6.1.0",
        "yauzl": "^2.9.0"
      },
      "engines": {
        "node": ">= 10"
      }
    },
    "../../node_modules/.pnpm/better-sqlite3@7.4.5/node_modules/better-sqlite3": {
      "version": "7.4.5",
      "hasInstallScript": true,
      "license": "MIT",
      "dependencies": {
        "bindings": "^1.5.0",
        "prebuild-install": "^7.0.0",
        "tar": "^6.1.11"
      },
      "devDependencies": {
        "chai": "^4.3.4",
        "cli-color": "^2.0.0",
        "fs-extra": "^10.0.0",
        "mocha": "^8.3.2",
        "nodemark": "^0.3.0",
        "prebuild": "^11.0.0",
        "sqlite": "^4.0.23",
        "sqlite3": "^5.0.2"
      }
    },
    "../../node_modules/.pnpm/rimraf@2.6.2/node_modules/rimraf": {
      "version": "2.6.2",
      "license": "ISC",
      "dependencies": {
        "glob": "^7.0.5"
      },
      "bin": {
        "rimraf": "bin.js"
      },
      "devDependencies": {
        "mkdirp": "^0.5.1",
        "tap": "^10.1.2"
      }
    },
    "../../node_modules/.pnpm/sha1@1.1.1/node_modules/sha1": {
      "version": "1.1.1",
      "license": "BSD-3-Clause",
      "dependencies": {
        "charenc": ">= 0.0.1",
        "crypt": ">= 0.0.1"
      },
      "devDependencies": {
        "mocha": "~ 1.4.2"
      },
      "engines": {
        "node": "*"
      }
    },
    "node_modules/@types/better-sqlite3": {
      "resolved": "../../node_modules/.pnpm/@types+better-sqlite3@7.4.2/node_modules/@types/better-sqlite3",
      "link": true
    },
    "node_modules/@types/node": {
      "version": "17.0.5",
      "resolved": "https://registry.npmjs.org/@types/node/-/node-17.0.5.tgz",
      "integrity": "sha512-w3mrvNXLeDYV1GKTZorGJQivK6XLCoGwpnyJFbJVK/aTBQUxOCaa/GlFAAN3OTDFcb7h5tiFG+YXCO2By+riZw==",
      "dev": true
    },
    "node_modules/@types/rimraf": {
      "resolved": "../../node_modules/.pnpm/@types+rimraf@3.0.2/node_modules/@types/rimraf",
      "link": true
    },
    "node_modules/@types/sha1": {
      "version": "1.1.3",
      "resolved": "https://registry.npmjs.org/@types/sha1/-/sha1-1.1.3.tgz",
      "integrity": "sha512-bXfx/6xrPu1l6pLItGRMPX00lhnJavpj2qiQeLHflXvL2Ix97aC8FTF2/pQoqukRzcCwKyN3csZvOLzamIoaSA==",
      "dev": true,
      "dependencies": {
        "@types/node": "*"
      }
    },
    "node_modules/archiver": {
      "resolved": "../../node_modules/.pnpm/archiver@5.3.0/node_modules/archiver",
      "link": true
    },
    "node_modules/better-sqlite3": {
      "resolved": "../../node_modules/.pnpm/better-sqlite3@7.4.5/node_modules/better-sqlite3",
      "link": true
    },
    "node_modules/rimraf": {
      "resolved": "../../node_modules/.pnpm/rimraf@2.6.2/node_modules/rimraf",
      "link": true
    },
    "node_modules/sha1": {
      "resolved": "../../node_modules/.pnpm/sha1@1.1.1/node_modules/sha1",
      "link": true
    }
  },
  "dependencies": {
    "@types/better-sqlite3": {
      "version": "file:../../node_modules/.pnpm/@types+better-sqlite3@7.4.2/node_modules/@types/better-sqlite3",
      "requires": {
        "@types/node": "*"
      }
    },
    "@types/node": {
      "version": "17.0.5",
      "resolved": "https://registry.npmjs.org/@types/node/-/node-17.0.5.tgz",
      "integrity": "sha512-w3mrvNXLeDYV1GKTZorGJQivK6XLCoGwpnyJFbJVK/aTBQUxOCaa/GlFAAN3OTDFcb7h5tiFG+YXCO2By+riZw==",
      "dev": true
    },
    "@types/rimraf": {
      "version": "file:../../node_modules/.pnpm/@types+rimraf@3.0.2/node_modules/@types/rimraf",
      "requires": {
        "@types/glob": "*",
        "@types/node": "*"
      }
    },
    "@types/sha1": {
      "version": "1.1.3",
      "resolved": "https://registry.npmjs.org/@types/sha1/-/sha1-1.1.3.tgz",
      "integrity": "sha512-bXfx/6xrPu1l6pLItGRMPX00lhnJavpj2qiQeLHflXvL2Ix97aC8FTF2/pQoqukRzcCwKyN3csZvOLzamIoaSA==",
      "dev": true,
      "requires": {
        "@types/node": "*"
      }
    },
    "archiver": {
      "version": "file:../../node_modules/.pnpm/archiver@5.3.0/node_modules/archiver",
      "requires": {
        "archiver-jsdoc-theme": "^1.1.3",
        "archiver-utils": "^2.1.0",
        "async": "^3.2.0",
        "buffer-crc32": "^0.2.1",
        "chai": "^4.2.0",
        "jsdoc": "^3.6.4",
        "mkdirp": "^1.0.4",
        "mocha": "^8.0.1",
        "readable-stream": "^3.6.0",
        "readdir-glob": "^1.0.0",
        "rimraf": "^3.0.2",
        "stream-bench": "^0.1.2",
        "tar": "^6.1.0",
        "tar-stream": "^2.2.0",
        "yauzl": "^2.9.0",
        "zip-stream": "^4.1.0"
      }
    },
    "better-sqlite3": {
      "version": "file:../../node_modules/.pnpm/better-sqlite3@7.4.5/node_modules/better-sqlite3",
      "requires": {
        "bindings": "^1.5.0",
        "chai": "^4.3.4",
        "cli-color": "^2.0.0",
        "fs-extra": "^10.0.0",
        "mocha": "^8.3.2",
        "nodemark": "^0.3.0",
        "prebuild": "^11.0.0",
        "prebuild-install": "^7.0.0",
        "sqlite": "^4.0.23",
        "sqlite3": "^5.0.2",
        "tar": "^6.1.11"
      }
    },
    "rimraf": {
      "version": "file:../../node_modules/.pnpm/rimraf@2.6.2/node_modules/rimraf",
      "requires": {
        "glob": "^7.0.5",
        "mkdirp": "^0.5.1",
        "tap": "^10.1.2"
      }
    },
    "sha1": {
      "version": "file:../../node_modules/.pnpm/sha1@1.1.1/node_modules/sha1",
      "requires": {
        "charenc": ">= 0.0.1",
        "crypt": ">= 0.0.1",
        "mocha": "~ 1.4.2"
      }
    }
  }
}
