{
	"name": "polar-hooks",
	"version": "1.100.14",
	"lockfileVersion": 1,
	"requires": true,
	"dependencies": {
		"@types/escape-html": {
			"version": "0.0.20",
			"resolved": "https://registry.npmjs.org/@types/escape-html/-/escape-html-0.0.20.tgz",
			"integrity": "sha512-6dhZJLbA7aOwkYB2GDGdIqJ20wmHnkDzaxV9PJXe7O02I2dSFTERzRB6JrX6cWKaS+VqhhY7cQUMCbO5kloFUw=="
		},
		"@types/node": {
			"version": "12.7.4",
			"resolved": "https://registry.npmjs.org/@types/node/-/node-12.7.4.tgz",
			"integrity": "sha512-W0+n1Y+gK/8G2P/piTkBBN38Qc5Q1ZSO6B5H3QmPCUewaiXOo2GCAWZ4ElZCcNhjJuBSUSLGFUJnmlCn5+nxOQ=="
		},
		"@types/uuid": {
			"version": "3.4.5",
			"resolved": "https://registry.npmjs.org/@types/uuid/-/uuid-3.4.5.tgz",
			"integrity": "sha512-MNL15wC3EKyw1VLF+RoVO4hJJdk9t/Hlv3rt1OL65Qvuadm4BYo6g9ZJQqoq7X8NBFSsQXgAujWciovh2lpVjA==",
			"requires": {
				"@types/node": "*"
			}
		},
		"escape-html": {
			"version": "1.0.3",
			"resolved": "https://registry.npmjs.org/escape-html/-/escape-html-1.0.3.tgz",
			"integrity": "sha1-Aljq5NPQwJdN4cFpGI7wBR0dGYg="
		},
		"uuid": {
			"version": "3.3.3",
			"resolved": "https://registry.npmjs.org/uuid/-/uuid-3.3.3.tgz",
			"integrity": "sha512-pW0No1RGHgzlpHJO1nsVrHKpOEIxkGg1xB+v0ZmdNH5OAeAwzAVrCnI2/6Mtx+Uys6iaylxa+D3g4j63IKKjSQ=="
		}
	}
}
